# THIS IS AN AUTOGENERATED FILE. DO NOT EDIT THIS FILE DIRECTLY.
# yarn lockfile v1


debug@^2.2.0:
  version "2.3.3"
  resolved "https://registry.yarnpkg.com/debug/-/debug-2.3.3.tgz#40c453e67e6e13c901ddec317af8986cda9eff8c"
  dependencies:
    ms "0.7.2"

heimdalljs-logger@^0.1.7:
  version "0.1.7"
  resolved "https://registry.yarnpkg.com/heimdalljs-logger/-/heimdalljs-logger-0.1.7.tgz#10e340af5c22a811e34522d9b9397675ad589ca4"
  dependencies:
    debug "^2.2.0"
    heimdalljs "^0.2.0"

heimdalljs@^0.2.0:
  version "0.2.3"
  resolved "https://registry.yarnpkg.com/heimdalljs/-/heimdalljs-0.2.3.tgz#35b82a6a4d73541fc4fb88d2fe2b23608fb4f779"
  dependencies:
    rsvp "~3.2.1"

ms@0.7.2:
  version "0.7.2"
  resolved "https://registry.yarnpkg.com/ms/-/ms-0.7.2.tgz#ae25cf2512b3885a1d95d7f037868d8431124765"

rsvp@~3.2.1:
  version "3.2.1"
  resolved "https://registry.yarnpkg.com/rsvp/-/rsvp-3.2.1.tgz#07cb4a5df25add9e826ebc67dcc9fd89db27d84a"
